
Microsoft Visual Studio Solution File, Format Version 12.00
# Visual Studio Version 17
VisualStudioVersion = 17.4.33213.308
MinimumVisualStudioVersion = 10.0.40219.1
Project("{9A19103F-16F7-4668-BE54-9A1E7A4F7556}") = "FirstMVCApp", "FirstMVCApp.csproj", "{DCFC2A76-3BA6-4F93-9F51-F5E54A200325}"
EndProject
Project("{FAE04EC0-301F-11D3-BF4B-00C04F79EFBC}") = "MVCFirstApp.Test", "..\MVCFirstApp.Test\MVCFirstApp.Test.csproj", "{68B66294-7419-4B3F-9990-E0A43C24AA80}"
EndProject
Global
	GlobalSection(SolutionConfigurationPlatforms) = preSolution
		Debug|Any CPU = Debug|Any CPU
		Release|Any CPU = Release|Any CPU
	EndGlobalSection
	GlobalSection(ProjectConfigurationPlatforms) = postSolution
		{DCFC2A76-3BA6-4F93-9F51-F5E54A200325}.Debug|Any CPU.ActiveCfg = Debug|Any CPU
		{DCFC2A76-3BA6-4F93-9F51-F5E54A200325}.Debug|Any CPU.Build.0 = Debug|Any CPU
		{DCFC2A76-3BA6-4F93-9F51-F5E54A200325}.Release|Any CPU.ActiveCfg = Release|Any CPU
		{DCFC2A76-3BA6-4F93-9F51-F5E54A200325}.Release|Any CPU.Build.0 = Release|Any CPU
		{68B66294-7419-4B3F-9990-E0A43C24AA80}.Debug|Any CPU.ActiveCfg = Debug|Any CPU
		{68B66294-7419-4B3F-9990-E0A43C24AA80}.Debug|Any CPU.Build.0 = Debug|Any CPU
		{68B66294-7419-4B3F-9990-E0A43C24AA80}.Release|Any CPU.ActiveCfg = Release|Any CPU
		{68B66294-7419-4B3F-9990-E0A43C24AA80}.Release|Any CPU.Build.0 = Release|Any CPU
	EndGlobalSection
	GlobalSection(SolutionProperties) = preSolution
		HideSolutionNode = FALSE
	EndGlobalSection
	GlobalSection(ExtensibilityGlobals) = postSolution
		SolutionGuid = {E61622A9-4F62-40B3-A9CA-979B7628273D}
	EndGlobalSection
EndGlobal
